
Microsoft Visual Studio Solution File, Format Version 12.00
# Visual Studio 14
VisualStudioVersion = 14.0.23107.0
MinimumVisualStudioVersion = 10.0.40219.1
Project("{FAE04EC0-301F-11D3-BF4B-00C04F79EFBC}") = "Paymaster.WebApi", "Paymaster\Paymaster.WebApi.csproj", "{799AB86E-F463-465B-B8E0-EA116C80114A}"
EndProject
Project("{FAE04EC0-301F-11D3-BF4B-00C04F79EFBC}") = "Paymaster.Model", "Paymaster.Model\Paymaster.Model.csproj", "{24D9AE4C-4849-462D-AF92-C0E425B75C1A}"
EndProject
Project("{FAE04EC0-301F-11D3-BF4B-00C04F79EFBC}") = "Paymaster.Services", "Paymaster.DBServices\Paymaster.Services.csproj", "{69C093E8-40E4-48AC-AA65-25A5A0E1FDEF}"
EndProject
Project("{FAE04EC0-301F-11D3-BF4B-00C04F79EFBC}") = "PayMaster.DataAccess", "PayMaster.DataAccess\PayMaster.DataAccess.csproj", "{CDB8E470-9AB4-4776-A316-DE0995D44AC3}"
EndProject
Project("{FAE04EC0-301F-11D3-BF4B-00C04F79EFBC}") = "Paymaster.RepositoryInfrastucture", "Paymaster.RepositoryInfrastucture\Paymaster.RepositoryInfrastucture.csproj", "{F4A7D626-BAA1-4A83-BF6D-4DEFDDF409F1}"
EndProject
Global
	GlobalSection(SolutionConfigurationPlatforms) = preSolution
		Debug|Any CPU = Debug|Any CPU
		Release|Any CPU = Release|Any CPU
	EndGlobalSection
	GlobalSection(ProjectConfigurationPlatforms) = postSolution
		{799AB86E-F463-465B-B8E0-EA116C80114A}.Debug|Any CPU.ActiveCfg = Debug|Any CPU
		{799AB86E-F463-465B-B8E0-EA116C80114A}.Debug|Any CPU.Build.0 = Debug|Any CPU
		{799AB86E-F463-465B-B8E0-EA116C80114A}.Release|Any CPU.ActiveCfg = Release|Any CPU
		{799AB86E-F463-465B-B8E0-EA116C80114A}.Release|Any CPU.Build.0 = Release|Any CPU
		{24D9AE4C-4849-462D-AF92-C0E425B75C1A}.Debug|Any CPU.ActiveCfg = Debug|Any CPU
		{24D9AE4C-4849-462D-AF92-C0E425B75C1A}.Debug|Any CPU.Build.0 = Debug|Any CPU
		{24D9AE4C-4849-462D-AF92-C0E425B75C1A}.Release|Any CPU.ActiveCfg = Release|Any CPU
		{24D9AE4C-4849-462D-AF92-C0E425B75C1A}.Release|Any CPU.Build.0 = Release|Any CPU
		{69C093E8-40E4-48AC-AA65-25A5A0E1FDEF}.Debug|Any CPU.ActiveCfg = Debug|Any CPU
		{69C093E8-40E4-48AC-AA65-25A5A0E1FDEF}.Debug|Any CPU.Build.0 = Debug|Any CPU
		{69C093E8-40E4-48AC-AA65-25A5A0E1FDEF}.Release|Any CPU.ActiveCfg = Release|Any CPU
		{69C093E8-40E4-48AC-AA65-25A5A0E1FDEF}.Release|Any CPU.Build.0 = Release|Any CPU
		{CDB8E470-9AB4-4776-A316-DE0995D44AC3}.Debug|Any CPU.ActiveCfg = Debug|Any CPU
		{CDB8E470-9AB4-4776-A316-DE0995D44AC3}.Debug|Any CPU.Build.0 = Debug|Any CPU
		{CDB8E470-9AB4-4776-A316-DE0995D44AC3}.Release|Any CPU.ActiveCfg = Release|Any CPU
		{CDB8E470-9AB4-4776-A316-DE0995D44AC3}.Release|Any CPU.Build.0 = Release|Any CPU
		{F4A7D626-BAA1-4A83-BF6D-4DEFDDF409F1}.Debug|Any CPU.ActiveCfg = Debug|Any CPU
		{F4A7D626-BAA1-4A83-BF6D-4DEFDDF409F1}.Debug|Any CPU.Build.0 = Debug|Any CPU
		{F4A7D626-BAA1-4A83-BF6D-4DEFDDF409F1}.Release|Any CPU.ActiveCfg = Release|Any CPU
		{F4A7D626-BAA1-4A83-BF6D-4DEFDDF409F1}.Release|Any CPU.Build.0 = Release|Any CPU
	EndGlobalSection
	GlobalSection(SolutionProperties) = preSolution
		HideSolutionNode = FALSE
	EndGlobalSection
EndGlobal
